# This file is automatically @generated by Poetry and should not be changed by hand.

[[package]]
name = "python-decouple"
version = "3.6"
description = "Strict separation of settings from code."
category = "main"
optional = false
python-versions = "*"
files = [
    {file = "python-decouple-3.6.tar.gz", hash = "sha256:2838cdf77a5cf127d7e8b339ce14c25bceb3af3e674e039d4901ba16359968c7"},
    {file = "python_decouple-3.6-py3-none-any.whl", hash = "sha256:6cf502dc963a5c642ea5ead069847df3d916a6420cad5599185de6bab11d8c2e"},
]

[metadata]
lock-version = "2.0"
python-versions = "^3.9"
content-hash = "a1195ba71cb7ef701fde016dbf26a70677cd8816fc4327c019b0c63b56c82fd1"
