# This file is automatically @generated by Poetry and should not be changed by hand.

[[package]]
name = "python-decouple"
version = "3.5"
description = "Strict separation of settings from code."
category = "main"
optional = false
python-versions = "*"
files = [
    {file = "python-decouple-3.5.tar.gz", hash = "sha256:68e4b3fcc97e24bc90eecc514852d0bf970f4ff031f5f7a6728ddafa9afefcaf"},
    {file = "python_decouple-3.5-py3-none-any.whl", hash = "sha256:011d3f785367c54a72cf8a07d3a7a48bb8cc1a0f8e6c70353ca5767ebf7c8c9d"},
]

[metadata]
lock-version = "2.0"
python-versions = "^3.9"
content-hash = "9627d0fad3d1a8e86c271fe5b352009974c4bd05e480f1df54d1d5c7e051f458"
